<?xml version="1.0" encoding="utf-8"?>
<Project ToolsVersion="4.0" xmlns="http://schemas.microsoft.com/developer/msbuild/2003">
  <ItemGroup>
    <ClInclude Include="StationBuilder1.h">
      <Filter>Vessel</Filter>
    </ClInclude>
    <ClInclude Include="resource.h">
      <Filter>Generals</Filter>
    </ClInclude>
    <ClInclude Include="..\..\Orbitersdk\include\Orbitersdk.h">
      <Filter>Generals</Filter>
    </ClInclude>
    <ClInclude Include="DialogControl.h">
      <Filter>Dialog</Filter>
    </ClInclude>
    <ClInclude Include="FollowMeDlg.h">
      <Filter>Dialog\FollowMe</Filter>
    </ClInclude>
    <ClInclude Include="AnimCompDef.h">
      <Filter>Vessel</Filter>
    </ClInclude>
    <ClInclude Include="MeshManager.h">
      <Filter>Vessel</Filter>
    </ClInclude>
    <ClInclude Include="AnimationManager.h">
      <Filter>Vessel</Filter>
    </ClInclude>
    <ClInclude Include="AnimDef.h">
      <Filter>Vessel</Filter>
    </ClInclude>
    <ClInclude Include="Log.h">
      <Filter>Vessel</Filter>
    </ClInclude>
  </ItemGroup>
  <ItemGroup>
    <Library Include="..\..\Orbitersdk\lib\orbiter.lib">
      <Filter>Generals</Filter>
    </Library>
    <Library Include="..\..\Orbitersdk\lib\Orbitersdk.lib">
      <Filter>Generals</Filter>
    </Library>
    <Library Include="..\..\lib\DlgCtrl.lib">
      <Filter>Generals</Filter>
    </Library>
  </ItemGroup>
  <ItemGroup>
    <Filter Include="Vessel">
      <UniqueIdentifier>{051de653-fa65-479f-b875-45792e9cc71f}</UniqueIdentifier>
    </Filter>
    <Filter Include="Generals">
      <UniqueIdentifier>{c22098ac-b84a-4fb4-8f3e-91bbb5e522a9}</UniqueIdentifier>
    </Filter>
    <Filter Include="Dialog">
      <UniqueIdentifier>{724cfd58-b928-4875-a4ec-8e455d1c61a6}</UniqueIdentifier>
    </Filter>
    <Filter Include="Dialog\FollowMe">
      <UniqueIdentifier>{db1265f4-179c-49ab-a54b-e825a09434de}</UniqueIdentifier>
    </Filter>
  </ItemGroup>
  <ItemGroup>
    <ClCompile Include="StationBuilder1.cpp">
      <Filter>Vessel</Filter>
    </ClCompile>
    <ClCompile Include="DialogControl.cpp">
      <Filter>Dialog</Filter>
    </ClCompile>
    <ClCompile Include="FollowMeDlg.cpp">
      <Filter>Dialog\FollowMe</Filter>
    </ClCompile>
    <ClCompile Include="MeshDialogProc.cpp">
      <Filter>Dialog</Filter>
    </ClCompile>
    <ClCompile Include="DockDlgProc.cpp">
      <Filter>Dialog</Filter>
    </ClCompile>
    <ClCompile Include="AnimDlgProc.cpp">
      <Filter>Dialog</Filter>
    </ClCompile>
    <ClCompile Include="AnimCompDlgProc.cpp">
      <Filter>Dialog</Filter>
    </ClCompile>
    <ClCompile Include="AnimCompDef.cpp">
      <Filter>Vessel</Filter>
    </ClCompile>
    <ClCompile Include="MeshManager.cpp">
      <Filter>Vessel</Filter>
    </ClCompile>
    <ClCompile Include="AnimationManager.cpp">
      <Filter>Vessel</Filter>
    </ClCompile>
    <ClCompile Include="AnimDef.cpp">
      <Filter>Vessel</Filter>
    </ClCompile>
    <ClCompile Include="Log.cpp">
      <Filter>Vessel</Filter>
    </ClCompile>
  </ItemGroup>
  <ItemGroup>
    <ResourceCompile Include="StationBuilder1.rc">
      <Filter>Generals</Filter>
    </ResourceCompile>
  </ItemGroup>
</Project>