<?xml version="1.0" encoding="utf-8"?>
<Project ToolsVersion="4.0" xmlns="http://schemas.microsoft.com/developer/msbuild/2003">
  <ItemGroup>
    <ClInclude Include="resource.h">
      <Filter>Generals</Filter>
    </ClInclude>
    <ClInclude Include="..\..\Orbitersdk\include\Orbitersdk.h">
      <Filter>Generals</Filter>
    </ClInclude>
    <ClInclude Include="DialogControl.h">
      <Filter>Dialog</Filter>
    </ClInclude>
    <ClInclude Include="FollowMeDlg.h">
      <Filter>Dialog\FollowMe</Filter>
    </ClInclude>
    <ClInclude Include="Log.h">
      <Filter>Vessel</Filter>
    </ClInclude>
    <ClInclude Include="VesselBuilder1.h">
      <Filter>Vessel</Filter>
    </ClInclude>
    <ClInclude Include="AirfoilsManager.h">
      <Filter>Vessel\Managers</Filter>
    </ClInclude>
    <ClInclude Include="AttachmentManager.h">
      <Filter>Vessel\Managers</Filter>
    </ClInclude>
    <ClInclude Include="MeshManager.h">
      <Filter>Vessel\Managers</Filter>
    </ClInclude>
    <ClInclude Include="ParticleManager.h">
      <Filter>Vessel\Managers</Filter>
    </ClInclude>
    <ClInclude Include="PropellantManager.h">
      <Filter>Vessel\Managers</Filter>
    </ClInclude>
    <ClInclude Include="ThrusterManager.h">
      <Filter>Vessel\Managers</Filter>
    </ClInclude>
    <ClInclude Include="TouchdownPointsManager.h">
      <Filter>Vessel\Managers</Filter>
    </ClInclude>
    <ClInclude Include="ControlSurfacesManager.h">
      <Filter>Vessel\Managers</Filter>
    </ClInclude>
    <ClInclude Include="AnimationManager.h">
      <Filter>Vessel\Managers</Filter>
    </ClInclude>
    <ClInclude Include="CameraManager.h">
      <Filter>Vessel\Managers</Filter>
    </ClInclude>
    <ClInclude Include="DockManager.h">
      <Filter>Vessel\Managers</Filter>
    </ClInclude>
    <ClInclude Include="ExTexManager.h">
      <Filter>Vessel\Managers</Filter>
    </ClInclude>
    <ClInclude Include="VCManager.h">
      <Filter>Vessel\Managers</Filter>
    </ClInclude>
    <ClInclude Include="LightsManager.h">
      <Filter>Vessel\Managers</Filter>
    </ClInclude>
    <ClInclude Include="LaserManager.h">
      <Filter>Vessel\Managers</Filter>
    </ClInclude>
    <ClInclude Include="VariableDragManager.h">
      <Filter>Vessel\Managers</Filter>
    </ClInclude>
    <ClInclude Include="EventManager.h">
      <Filter>Vessel\Managers</Filter>
    </ClInclude>
    <ClInclude Include="MET.h">
      <Filter>Vessel\Managers</Filter>
    </ClInclude>
    <ClInclude Include="TextReaderDlg.h">
      <Filter>Dialog\TextReader</Filter>
    </ClInclude>
    <ClInclude Include="ConfigurationManager.h">
      <Filter>Vessel\Managers</Filter>
    </ClInclude>
    <ClInclude Include="GeneralSettingsManager.h">
      <Filter>Vessel\Managers</Filter>
    </ClInclude>
    <ClInclude Include="SoftDock.h">
      <Filter>Vessel</Filter>
    </ClInclude>
    <ClInclude Include="VBVector.h">
      <Filter>Vessel</Filter>
    </ClInclude>
  </ItemGroup>
  <ItemGroup>
    <Library Include="..\..\Orbitersdk\lib\orbiter.lib">
      <Filter>Generals</Filter>
    </Library>
    <Library Include="..\..\Orbitersdk\lib\Orbitersdk.lib">
      <Filter>Generals</Filter>
    </Library>
    <Library Include="..\..\lib\DlgCtrl.lib">
      <Filter>Generals</Filter>
    </Library>
    <Library Include="..\..\lib\gcAPI.lib">
      <Filter>Generals</Filter>
    </Library>
  </ItemGroup>
  <ItemGroup>
    <Filter Include="Vessel">
      <UniqueIdentifier>{051de653-fa65-479f-b875-45792e9cc71f}</UniqueIdentifier>
    </Filter>
    <Filter Include="Generals">
      <UniqueIdentifier>{c22098ac-b84a-4fb4-8f3e-91bbb5e522a9}</UniqueIdentifier>
    </Filter>
    <Filter Include="Dialog">
      <UniqueIdentifier>{724cfd58-b928-4875-a4ec-8e455d1c61a6}</UniqueIdentifier>
    </Filter>
    <Filter Include="Dialog\FollowMe">
      <UniqueIdentifier>{db1265f4-179c-49ab-a54b-e825a09434de}</UniqueIdentifier>
    </Filter>
    <Filter Include="Vessel\Managers">
      <UniqueIdentifier>{b761ed0d-41fb-4529-8166-5f473101d5df}</UniqueIdentifier>
    </Filter>
    <Filter Include="Dialog\TextReader">
      <UniqueIdentifier>{3937152b-0a17-4baf-8e66-ade245acd0eb}</UniqueIdentifier>
    </Filter>
  </ItemGroup>
  <ItemGroup>
    <ClCompile Include="DialogControl.cpp">
      <Filter>Dialog</Filter>
    </ClCompile>
    <ClCompile Include="FollowMeDlg.cpp">
      <Filter>Dialog\FollowMe</Filter>
    </ClCompile>
    <ClCompile Include="MeshDialogProc.cpp">
      <Filter>Dialog</Filter>
    </ClCompile>
    <ClCompile Include="DockDlgProc.cpp">
      <Filter>Dialog</Filter>
    </ClCompile>
    <ClCompile Include="AnimDlgProc.cpp">
      <Filter>Dialog</Filter>
    </ClCompile>
    <ClCompile Include="AnimCompDlgProc.cpp">
      <Filter>Dialog</Filter>
    </ClCompile>
    <ClCompile Include="Log.cpp">
      <Filter>Vessel</Filter>
    </ClCompile>
    <ClCompile Include="AttDlgProc.cpp">
      <Filter>Dialog</Filter>
    </ClCompile>
    <ClCompile Include="PrpDlgProc.cpp">
      <Filter>Dialog</Filter>
    </ClCompile>
    <ClCompile Include="ThrustersDlgProc.cpp">
      <Filter>Dialog</Filter>
    </ClCompile>
    <ClCompile Include="ExTexDlgProc.cpp">
      <Filter>Dialog</Filter>
    </ClCompile>
    <ClCompile Include="ThrGrpDlgProc.cpp">
      <Filter>Dialog</Filter>
    </ClCompile>
    <ClCompile Include="ParticlesDlgProc.cpp">
      <Filter>Dialog</Filter>
    </ClCompile>
    <ClCompile Include="TdpDlgProc.cpp">
      <Filter>Dialog</Filter>
    </ClCompile>
    <ClCompile Include="VesselBuilder1.cpp">
      <Filter>Vessel</Filter>
    </ClCompile>
    <ClCompile Include="SettingsDlgProc.cpp">
      <Filter>Dialog</Filter>
    </ClCompile>
    <ClCompile Include="AirfoilsDlgProc.cpp">
      <Filter>Dialog</Filter>
    </ClCompile>
    <ClCompile Include="AirfoilsManager.cpp">
      <Filter>Vessel\Managers</Filter>
    </ClCompile>
    <ClCompile Include="AttachmentManager.cpp">
      <Filter>Vessel\Managers</Filter>
    </ClCompile>
    <ClCompile Include="MeshManager.cpp">
      <Filter>Vessel\Managers</Filter>
    </ClCompile>
    <ClCompile Include="ParticleManager.cpp">
      <Filter>Vessel\Managers</Filter>
    </ClCompile>
    <ClCompile Include="PropellantManager.cpp">
      <Filter>Vessel\Managers</Filter>
    </ClCompile>
    <ClCompile Include="ThrusterManager.cpp">
      <Filter>Vessel\Managers</Filter>
    </ClCompile>
    <ClCompile Include="TouchdownPointsManager.cpp">
      <Filter>Vessel\Managers</Filter>
    </ClCompile>
    <ClCompile Include="ControlSurfacesManager.cpp">
      <Filter>Vessel\Managers</Filter>
    </ClCompile>
    <ClCompile Include="CtrlSurfDlgProc.cpp">
      <Filter>Dialog</Filter>
    </ClCompile>
    <ClCompile Include="AnimationManager.cpp">
      <Filter>Vessel\Managers</Filter>
    </ClCompile>
    <ClCompile Include="CameraManager.cpp">
      <Filter>Vessel\Managers</Filter>
    </ClCompile>
    <ClCompile Include="DockManager.cpp">
      <Filter>Vessel\Managers</Filter>
    </ClCompile>
    <ClCompile Include="CamDlgProc.cpp">
      <Filter>Dialog</Filter>
    </ClCompile>
    <ClCompile Include="ExTexManager.cpp">
      <Filter>Vessel\Managers</Filter>
    </ClCompile>
    <ClCompile Include="VCManager.cpp">
      <Filter>Vessel\Managers</Filter>
    </ClCompile>
    <ClCompile Include="VCPosDlgProc.cpp">
      <Filter>Dialog</Filter>
    </ClCompile>
    <ClCompile Include="VCHUDDlgProc.cpp">
      <Filter>Dialog</Filter>
    </ClCompile>
    <ClCompile Include="VCMFDDlgProc.cpp">
      <Filter>Dialog</Filter>
    </ClCompile>
    <ClCompile Include="LightsManager.cpp">
      <Filter>Vessel\Managers</Filter>
    </ClCompile>
    <ClCompile Include="BeaconDlgProc.cpp">
      <Filter>Dialog</Filter>
    </ClCompile>
    <ClCompile Include="LightCreationDlgProc.cpp">
      <Filter>Dialog</Filter>
    </ClCompile>
    <ClCompile Include="LightsDlgProc.cpp">
      <Filter>Dialog</Filter>
    </ClCompile>
    <ClCompile Include="LaserManager.cpp">
      <Filter>Vessel\Managers</Filter>
    </ClCompile>
    <ClCompile Include="VariableDragManager.cpp">
      <Filter>Vessel\Managers</Filter>
    </ClCompile>
    <ClCompile Include="VariableDragDlgProc.cpp">
      <Filter>Dialog</Filter>
    </ClCompile>
    <ClCompile Include="EventManager.cpp">
      <Filter>Vessel\Managers</Filter>
    </ClCompile>
    <ClCompile Include="MET.cpp">
      <Filter>Vessel\Managers</Filter>
    </ClCompile>
    <ClCompile Include="TextReaderDlg.cpp">
      <Filter>Dialog\TextReader</Filter>
    </ClCompile>
    <ClCompile Include="ConfigurationManager.cpp">
      <Filter>Vessel\Managers</Filter>
    </ClCompile>
    <ClCompile Include="GeneralSettingsManager.cpp">
      <Filter>Vessel\Managers</Filter>
    </ClCompile>
    <ClCompile Include="ReconfigDlgProc.cpp">
      <Filter>Dialog</Filter>
    </ClCompile>
    <ClCompile Include="EventsDlgProc.cpp">
      <Filter>Dialog</Filter>
    </ClCompile>
    <ClCompile Include="SoftDock.cpp">
      <Filter>Vessel</Filter>
    </ClCompile>
    <ClCompile Include="VBVector.cpp">
      <Filter>Vessel</Filter>
    </ClCompile>
  </ItemGroup>
  <ItemGroup>
    <ResourceCompile Include="VesselBuilder1.rc">
      <Filter>Generals</Filter>
    </ResourceCompile>
  </ItemGroup>
</Project>